
Microsoft Visual Studio Solution File, Format Version 12.00
# Visual Studio Version 16
VisualStudioVersion = 16.0.31729.503
MinimumVisualStudioVersion = 10.0.40219.1
Project("{FAE04EC0-301F-11D3-BF4B-00C04F79EFBC}") = "ThucHanh", "ThucHanh\ThucHanh.csproj", "{E07E8FDF-3FCC-4ED4-964A-0976FF166F16}"
EndProject
Global
	GlobalSection(SolutionConfigurationPlatforms) = preSolution
		Debug|Any CPU = Debug|Any CPU
		Release|Any CPU = Release|Any CPU
	EndGlobalSection
	GlobalSection(ProjectConfigurationPlatforms) = postSolution
		{E07E8FDF-3FCC-4ED4-964A-0976FF166F16}.Debug|Any CPU.ActiveCfg = Debug|Any CPU
		{E07E8FDF-3FCC-4ED4-964A-0976FF166F16}.Debug|Any CPU.Build.0 = Debug|Any CPU
		{E07E8FDF-3FCC-4ED4-964A-0976FF166F16}.Release|Any CPU.ActiveCfg = Release|Any CPU
		{E07E8FDF-3FCC-4ED4-964A-0976FF166F16}.Release|Any CPU.Build.0 = Release|Any CPU
	EndGlobalSection
	GlobalSection(SolutionProperties) = preSolution
		HideSolutionNode = FALSE
	EndGlobalSection
	GlobalSection(ExtensibilityGlobals) = postSolution
		SolutionGuid = {A1ACD39A-7D13-4A13-B0E7-C9C0D18114C1}
	EndGlobalSection
EndGlobal
