
Microsoft Visual Studio Solution File, Format Version 12.00
# Visual Studio Version 16
VisualStudioVersion = 16.0.31729.503
MinimumVisualStudioVersion = 10.0.40219.1
Project("{FAE04EC0-301F-11D3-BF4B-00C04F79EFBC}") = "LHDBaiThucHanh214", "LHDBaiThucHanh214\LHDBaiThucHanh214.csproj", "{1254E554-8328-46A8-A426-B80605B23424}"
EndProject
Global
	GlobalSection(SolutionConfigurationPlatforms) = preSolution
		Debug|Any CPU = Debug|Any CPU
		Release|Any CPU = Release|Any CPU
	EndGlobalSection
	GlobalSection(ProjectConfigurationPlatforms) = postSolution
		{1254E554-8328-46A8-A426-B80605B23424}.Debug|Any CPU.ActiveCfg = Debug|Any CPU
		{1254E554-8328-46A8-A426-B80605B23424}.Debug|Any CPU.Build.0 = Debug|Any CPU
		{1254E554-8328-46A8-A426-B80605B23424}.Release|Any CPU.ActiveCfg = Release|Any CPU
		{1254E554-8328-46A8-A426-B80605B23424}.Release|Any CPU.Build.0 = Release|Any CPU
	EndGlobalSection
	GlobalSection(SolutionProperties) = preSolution
		HideSolutionNode = FALSE
	EndGlobalSection
	GlobalSection(ExtensibilityGlobals) = postSolution
		SolutionGuid = {C4279E58-6680-4914-8EDE-297AA43F4936}
	EndGlobalSection
EndGlobal
